
Microsoft Visual Studio Solution File, Format Version 12.00
# Visual Studio Version 16
VisualStudioVersion = 16.0.31205.134
MinimumVisualStudioVersion = 10.0.40219.1
Project("{FAE04EC0-301F-11D3-BF4B-00C04F79EFBC}") = "BurgerApp", "BurgerAPp\BurgerApp.csproj", "{BEBFBDD6-6393-47EE-8F89-ED4D625E14CA}"
EndProject
Project("{FAE04EC0-301F-11D3-BF4B-00C04F79EFBC}") = "ConsoleAppBurger", "ConsoleAppBurger\ConsoleAppBurger.csproj", "{7CA1E55C-0709-4601-A82A-0EFB204285D8}"
EndProject
Project("{FAE04EC0-301F-11D3-BF4B-00C04F79EFBC}") = "DomainModel", "DomainModel\DomainModel.csproj", "{02F45C3E-9AED-4C76-BE85-6E56594490DC}"
EndProject
Project("{FAE04EC0-301F-11D3-BF4B-00C04F79EFBC}") = "Dal", "Dal\Dal.csproj", "{657B2CBC-EF51-4F0C-A4F6-A6682A89835A}"
EndProject
Global
	GlobalSection(SolutionConfigurationPlatforms) = preSolution
		Debug|Any CPU = Debug|Any CPU
		Release|Any CPU = Release|Any CPU
	EndGlobalSection
	GlobalSection(ProjectConfigurationPlatforms) = postSolution
		{BEBFBDD6-6393-47EE-8F89-ED4D625E14CA}.Debug|Any CPU.ActiveCfg = Debug|Any CPU
		{BEBFBDD6-6393-47EE-8F89-ED4D625E14CA}.Debug|Any CPU.Build.0 = Debug|Any CPU
		{BEBFBDD6-6393-47EE-8F89-ED4D625E14CA}.Release|Any CPU.ActiveCfg = Release|Any CPU
		{BEBFBDD6-6393-47EE-8F89-ED4D625E14CA}.Release|Any CPU.Build.0 = Release|Any CPU
		{7CA1E55C-0709-4601-A82A-0EFB204285D8}.Debug|Any CPU.ActiveCfg = Debug|Any CPU
		{7CA1E55C-0709-4601-A82A-0EFB204285D8}.Debug|Any CPU.Build.0 = Debug|Any CPU
		{7CA1E55C-0709-4601-A82A-0EFB204285D8}.Release|Any CPU.ActiveCfg = Release|Any CPU
		{7CA1E55C-0709-4601-A82A-0EFB204285D8}.Release|Any CPU.Build.0 = Release|Any CPU
		{02F45C3E-9AED-4C76-BE85-6E56594490DC}.Debug|Any CPU.ActiveCfg = Debug|Any CPU
		{02F45C3E-9AED-4C76-BE85-6E56594490DC}.Debug|Any CPU.Build.0 = Debug|Any CPU
		{02F45C3E-9AED-4C76-BE85-6E56594490DC}.Release|Any CPU.ActiveCfg = Release|Any CPU
		{02F45C3E-9AED-4C76-BE85-6E56594490DC}.Release|Any CPU.Build.0 = Release|Any CPU
		{657B2CBC-EF51-4F0C-A4F6-A6682A89835A}.Debug|Any CPU.ActiveCfg = Debug|Any CPU
		{657B2CBC-EF51-4F0C-A4F6-A6682A89835A}.Debug|Any CPU.Build.0 = Debug|Any CPU
		{657B2CBC-EF51-4F0C-A4F6-A6682A89835A}.Release|Any CPU.ActiveCfg = Release|Any CPU
		{657B2CBC-EF51-4F0C-A4F6-A6682A89835A}.Release|Any CPU.Build.0 = Release|Any CPU
	EndGlobalSection
	GlobalSection(SolutionProperties) = preSolution
		HideSolutionNode = FALSE
	EndGlobalSection
	GlobalSection(ExtensibilityGlobals) = postSolution
		SolutionGuid = {52469CA4-E4C8-4D71-A7D8-BF749DCF8615}
	EndGlobalSection
EndGlobal
